
Microsoft Visual Studio Solution File, Format Version 12.00
# Visual Studio Version 16
VisualStudioVersion = 16.0.31729.503
MinimumVisualStudioVersion = 10.0.40219.1
Project("{9A19103F-16F7-4668-BE54-9A1E7A4F7556}") = "JournalWriter", "JournalWriter\JournalWriter.csproj", "{532C4350-E242-43DA-B0BC-83261A7EAFA4}"
EndProject
Project("{9A19103F-16F7-4668-BE54-9A1E7A4F7556}") = "WordsPerMinute", "WordsPerMinute\WordsPerMinute.csproj", "{53F6C9E2-F656-4DE2-973D-7C7F1921607F}"
EndProject
Project("{54435603-DBB4-11D2-8724-00A0C9A8B90C}") = "Setup", "Setup\Setup.vdproj", "{CC8921C1-A3DE-4B91-A899-4B0087888609}"
EndProject
Global
	GlobalSection(SolutionConfigurationPlatforms) = preSolution
		Debug|Any CPU = Debug|Any CPU
		Release|Any CPU = Release|Any CPU
	EndGlobalSection
	GlobalSection(ProjectConfigurationPlatforms) = postSolution
		{532C4350-E242-43DA-B0BC-83261A7EAFA4}.Debug|Any CPU.ActiveCfg = Release|Any CPU
		{532C4350-E242-43DA-B0BC-83261A7EAFA4}.Debug|Any CPU.Build.0 = Release|Any CPU
		{532C4350-E242-43DA-B0BC-83261A7EAFA4}.Release|Any CPU.ActiveCfg = Release|Any CPU
		{532C4350-E242-43DA-B0BC-83261A7EAFA4}.Release|Any CPU.Build.0 = Release|Any CPU
		{53F6C9E2-F656-4DE2-973D-7C7F1921607F}.Debug|Any CPU.ActiveCfg = Debug|Any CPU
		{53F6C9E2-F656-4DE2-973D-7C7F1921607F}.Debug|Any CPU.Build.0 = Debug|Any CPU
		{53F6C9E2-F656-4DE2-973D-7C7F1921607F}.Release|Any CPU.ActiveCfg = Release|Any CPU
		{53F6C9E2-F656-4DE2-973D-7C7F1921607F}.Release|Any CPU.Build.0 = Release|Any CPU
		{CC8921C1-A3DE-4B91-A899-4B0087888609}.Debug|Any CPU.ActiveCfg = Release
		{CC8921C1-A3DE-4B91-A899-4B0087888609}.Release|Any CPU.ActiveCfg = Release
	EndGlobalSection
	GlobalSection(SolutionProperties) = preSolution
		HideSolutionNode = FALSE
	EndGlobalSection
	GlobalSection(ExtensibilityGlobals) = postSolution
		SolutionGuid = {F670407D-B8C4-4957-8D6A-9AE1E2B5083A}
	EndGlobalSection
EndGlobal
